// !$*UTF8*$!
{
	archiveVersion = 1;
	classes = {
	};
	objectVersion = 50;
	objects = {

/* Begin PBXBuildFile section */
		52B1ADD922B124CC0094DF38 /* AppDelegate.swift in Sources */ = {isa = PBXBuildFile; fileRef = 52B1ADD822B124CC0094DF38 /* AppDelegate.swift */; };
		52B1ADDB22B124CC0094DF38 /* ViewController.swift in Sources */ = {isa = PBXBuildFile; fileRef = 52B1ADDA22B124CC0094DF38 /* ViewController.swift */; };
		52B1ADDE22B124CC0094DF38 /* Main.storyboard in Resources */ = {isa = PBXBuildFile; fileRef = 52B1ADDC22B124CC0094DF38 /* Main.storyboard */; };
		52B1ADE122B124CC0094DF38 /* PictureinPictureApp.xcdatamodeld in Sources */ = {isa = PBXBuildFile; fileRef = 52B1ADDF22B124CC0094DF38 /* PictureinPictureApp.xcdatamodeld */; };
		52B1ADE322B124D00094DF38 /* Assets.xcassets in Resources */ = {isa = PBXBuildFile; fileRef = 52B1ADE222B124D00094DF38 /* Assets.xcassets */; };
		52B1ADE622B124D00094DF38 /* LaunchScreen.storyboard in Resources */ = {isa = PBXBuildFile; fileRef = 52B1ADE422B124D00094DF38 /* LaunchScreen.storyboard */; };
		52B1ADEF22B12E490094DF38 /* Apple.mp4 in Resources */ = {isa = PBXBuildFile; fileRef = 52B1ADEE22B12E490094DF38 /* Apple.mp4 */; };
/* End PBXBuildFile section */

/* Begin PBXFileReference section */
		52B1ADD522B124CC0094DF38 /* PictureinPictureApp.app */ = {isa = PBXFileReference; explicitFileType = wrapper.application; includeInIndex = 0; path = PictureinPictureApp.app; sourceTree = BUILT_PRODUCTS_DIR; };
		52B1ADD822B124CC0094DF38 /* AppDelegate.swift */ = {isa = PBXFileReference; lastKnownFileType = sourcecode.swift; path = AppDelegate.swift; sourceTree = "<group>"; };
		52B1ADDA22B124CC0094DF38 /* ViewController.swift */ = {isa = PBXFileReference; lastKnownFileType = sourcecode.swift; path = ViewController.swift; sourceTree = "<group>"; };
		52B1ADDD22B124CC0094DF38 /* Base */ = {isa = PBXFileReference; lastKnownFileType = file.storyboard; name = Base; path = Base.lproj/Main.storyboard; sourceTree = "<group>"; };
		52B1ADE022B124CC0094DF38 /* PictureinPictureApp.xcdatamodel */ = {isa = PBXFileReference; lastKnownFileType = wrapper.xcdatamodel; path = PictureinPictureApp.xcdatamodel; sourceTree = "<group>"; };
		52B1ADE222B124D00094DF38 /* Assets.xcassets */ = {isa = PBXFileReference; lastKnownFileType = folder.assetcatalog; path = Assets.xcassets; sourceTree = "<group>"; };
		52B1ADE522B124D00094DF38 /* Base */ = {isa = PBXFileReference; lastKnownFileType = file.storyboard; name = Base; path = Base.lproj/LaunchScreen.storyboard; sourceTree = "<group>"; };
		52B1ADE722B124D00094DF38 /* Info.plist */ = {isa = PBXFileReference; lastKnownFileType = text.plist.xml; path = Info.plist; sourceTree = "<group>"; };
		52B1ADEE22B12E490094DF38 /* Apple.mp4 */ = {isa = PBXFileReference; lastKnownFileType = file; path = Apple.mp4; sourceTree = "<group>"; };
/* End PBXFileReference section */

/* Begin PBXFrameworksBuildPhase section */
		52B1ADD222B124CC0094DF38 /* Frameworks */ = {
			isa = PBXFrameworksBuildPhase;
			buildActionMask = 2147483647;
			files = (
			);
			runOnlyForDeploymentPostprocessing = 0;
		};
/* End PBXFrameworksBuildPhase section */

/* Begin PBXGroup section */
		52B1ADCC22B124CC0094DF38 = {
			isa = PBXGroup;
			children = (
				52B1ADD722B124CC0094DF38 /* PictureinPictureApp */,
				52B1ADD622B124CC0094DF38 /* Products */,
			);
			sourceTree = "<group>";
		};
		52B1ADD622B124CC0094DF38 /* Products */ = {
			isa = PBXGroup;
			children = (
				52B1ADD522B124CC0094DF38 /* PictureinPictureApp.app */,
			);
			name = Products;
			sourceTree = "<group>";
		};
		52B1ADD722B124CC0094DF38 /* PictureinPictureApp */ = {
			isa = PBXGroup;
			children = (
				52B1ADEE22B12E490094DF38 /* Apple.mp4 */,
				52B1ADD822B124CC0094DF38 /* AppDelegate.swift */,
				52B1ADDA22B124CC0094DF38 /* ViewController.swift */,
				52B1ADDC22B124CC0094DF38 /* Main.storyboard */,
				52B1ADE222B124D00094DF38 /* Assets.xcassets */,
				52B1ADE422B124D00094DF38 /* LaunchScreen.storyboard */,
				52B1ADE722B124D00094DF38 /* Info.plist */,
				52B1ADDF22B124CC0094DF38 /* PictureinPictureApp.xcdatamodeld */,
			);
			path = PictureinPictureApp;
			sourceTree = "<group>";
		};
/* End PBXGroup section */

/* Begin PBXNativeTarget section */
		52B1ADD422B124CC0094DF38 /* PictureinPictureApp */ = {
			isa = PBXNativeTarget;
			buildConfigurationList = 52B1ADEA22B124D00094DF38 /* Build configuration list for PBXNativeTarget "PictureinPictureApp" */;
			buildPhases = (
				52B1ADD122B124CC0094DF38 /* Sources */,
				52B1ADD222B124CC0094DF38 /* Frameworks */,
				52B1ADD322B124CC0094DF38 /* Resources */,
			);
			buildRules = (
			);
			dependencies = (
			);
			name = PictureinPictureApp;
			productName = PictureinPictureApp;
			productReference = 52B1ADD522B124CC0094DF38 /* PictureinPictureApp.app */;
			productType = "com.apple.product-type.application";
		};
/* End PBXNativeTarget section */

/* Begin PBXProject section */
		52B1ADCD22B124CC0094DF38 /* Project object */ = {
			isa = PBXProject;
			attributes = {
				LastSwiftUpdateCheck = 1020;
				LastUpgradeCheck = 1020;
				ORGANIZATIONNAME = halilozel;
				TargetAttributes = {
					52B1ADD422B124CC0094DF38 = {
						CreatedOnToolsVersion = 10.2.1;
						SystemCapabilities = {
							com.apple.BackgroundModes = {
								enabled = 1;
							};
						};
					};
				};
			};
			buildConfigurationList = 52B1ADD022B124CC0094DF38 /* Build configuration list for PBXProject "PictureinPictureApp" */;
			compatibilityVersion = "Xcode 9.3";
			developmentRegion = en;
			hasScannedForEncodings = 0;
			knownRegions = (
				en,
				Base,
			);
			mainGroup = 52B1ADCC22B124CC0094DF38;
			productRefGroup = 52B1ADD622B124CC0094DF38 /* Products */;
			projectDirPath = "";
			projectRoot = "";
			targets = (
				52B1ADD422B124CC0094DF38 /* PictureinPictureApp */,
			);
		};
/* End PBXProject section */

/* Begin PBXResourcesBuildPhase section */
		52B1ADD322B124CC0094DF38 /* Resources */ = {
			isa = PBXResourcesBuildPhase;
			buildActionMask = 2147483647;
			files = (
				52B1ADE622B124D00094DF38 /* LaunchScreen.storyboard in Resources */,
				52B1ADE322B124D00094DF38 /* Assets.xcassets in Resources */,
				52B1ADEF22B12E490094DF38 /* Apple.mp4 in Resources */,
				52B1ADDE22B124CC0094DF38 /* Main.storyboard in Resources */,
			);
			runOnlyForDeploymentPostprocessing = 0;
		};
/* End PBXResourcesBuildPhase section */

/* Begin PBXSourcesBuildPhase section */
		52B1ADD122B124CC0094DF38 /* Sources */ = {
			isa = PBXSourcesBuildPhase;
			buildActionMask = 2147483647;
			files = (
				52B1ADE122B124CC0094DF38 /* PictureinPictureApp.xcdatamodeld in Sources */,
				52B1ADDB22B124CC0094DF38 /* ViewController.swift in Sources */,
				52B1ADD922B124CC0094DF38 /* AppDelegate.swift in Sources */,
			);
			runOnlyForDeploymentPostprocessing = 0;
		};
/* End PBXSourcesBuildPhase section */

/* Begin PBXVariantGroup section */
		52B1ADDC22B124CC0094DF38 /* Main.storyboard */ = {
			isa = PBXVariantGroup;
			children = (
				52B1ADDD22B124CC0094DF38 /* Base */,
			);
			name = Main.storyboard;
			sourceTree = "<group>";
		};
		52B1ADE422B124D00094DF38 /* LaunchScreen.storyboard */ = {
			isa = PBXVariantGroup;
			children = (
				52B1ADE522B124D00094DF38 /* Base */,
			);
			name = LaunchScreen.storyboard;
			sourceTree = "<group>";
		};
/* End PBXVariantGroup section */

/* Begin XCBuildConfiguration section */
		52B1ADE822B124D00094DF38 /* Debug */ = {
			isa = XCBuildConfiguration;
			buildSettings = {
				ALWAYS_SEARCH_USER_PATHS = NO;
				CLANG_ANALYZER_NONNULL = YES;
				CLANG_ANALYZER_NUMBER_OBJECT_CONVERSION = YES_AGGRESSIVE;
				CLANG_CXX_LANGUAGE_STANDARD = "gnu++14";
				CLANG_CXX_LIBRARY = "libc++";
				CLANG_ENABLE_MODULES = YES;
				CLANG_ENABLE_OBJC_ARC = YES;
				CLANG_ENABLE_OBJC_WEAK = YES;
				CLANG_WARN_BLOCK_CAPTURE_AUTORELEASING = YES;
				CLANG_WARN_BOOL_CONVERSION = YES;
				CLANG_WARN_COMMA = YES;
				CLANG_WARN_CONSTANT_CONVERSION = YES;
				CLANG_WARN_DEPRECATED_OBJC_IMPLEMENTATIONS = YES;
				CLANG_WARN_DIRECT_OBJC_ISA_USAGE = YES_ERROR;
				CLANG_WARN_DOCUMENTATION_COMMENTS = YES;
				CLANG_WARN_EMPTY_BODY = YES;
				CLANG_WARN_ENUM_CONVERSION = YES;
				CLANG_WARN_INFINITE_RECURSION = YES;
				CLANG_WARN_INT_CONVERSION = YES;
				CLANG_WARN_NON_LITERAL_NULL_CONVERSION = YES;
				CLANG_WARN_OBJC_IMPLICIT_RETAIN_SELF = YES;
				CLANG_WARN_OBJC_LITERAL_CONVERSION = YES;
				CLANG_WARN_OBJC_ROOT_CLASS = YES_ERROR;
				CLANG_WARN_RANGE_LOOP_ANALYSIS = YES;
				CLANG_WARN_STRICT_PROTOTYPES = YES;
				CLANG_WARN_SUSPICIOUS_MOVE = YES;
				CLANG_WARN_UNGUARDED_AVAILABILITY = YES_AGGRESSIVE;
				CLANG_WARN_UNREACHABLE_CODE = YES;
				CLANG_WARN__DUPLICATE_METHOD_MATCH = YES;
				CODE_SIGN_IDENTITY = "iPhone Developer";
				COPY_PHASE_STRIP = NO;
				DEBUG_INFORMATION_FORMAT = dwarf;
				ENABLE_STRICT_OBJC_MSGSEND = YES;
				ENABLE_TESTABILITY = YES;
				GCC_C_LANGUAGE_STANDARD = gnu11;
				GCC_DYNAMIC_NO_PIC = NO;
				GCC_NO_COMMON_BLOCKS = YES;
				GCC_OPTIMIZATION_LEVEL = 0;
				GCC_PREPROCESSOR_DEFINITIONS = (
					"DEBUG=1",
					"$(inherited)",
				);
				GCC_WARN_64_TO_32_BIT_CONVERSION = YES;
				GCC_WARN_ABOUT_RETURN_TYPE = YES_ERROR;
				GCC_WARN_UNDECLARED_SELECTOR = YES;
				GCC_WARN_UNINITIALIZED_AUTOS = YES_AGGRESSIVE;
				GCC_WARN_UNUSED_FUNCTION = YES;
				GCC_WARN_UNUSED_VARIABLE = YES;
				IPHONEOS_DEPLOYMENT_TARGET = 12.2;
				MTL_ENABLE_DEBUG_INFO = INCLUDE_SOURCE;
				MTL_FAST_MATH = YES;
				ONLY_ACTIVE_ARCH = YES;
				SDKROOT = iphoneos;
				SWIFT_ACTIVE_COMPILATION_CONDITIONS = DEBUG;
				SWIFT_OPTIMIZATION_LEVEL = "-Onone";
			};
			name = Debug;
		};
		52B1ADE922B124D00094DF38 /* Release */ = {
			isa = XCBuildConfiguration;
			buildSettings = {
				ALWAYS_SEARCH_USER_PATHS = NO;
				CLANG_ANALYZER_NONNULL = YES;
				CLANG_ANALYZER_NUMBER_OBJECT_CONVERSION = YES_AGGRESSIVE;
				CLANG_CXX_LANGUAGE_STANDARD = "gnu++14";
				CLANG_CXX_LIBRARY = "libc++";
				CLANG_ENABLE_MODULES = YES;
				CLANG_ENABLE_OBJC_ARC = YES;
				CLANG_ENABLE_OBJC_WEAK = YES;
				CLANG_WARN_BLOCK_CAPTURE_AUTORELEASING = YES;
				CLANG_WARN_BOOL_CONVERSION = YES;
				CLANG_WARN_COMMA = YES;
				CLANG_WARN_CONSTANT_CONVERSION = YES;
				CLANG_WARN_DEPRECATED_OBJC_IMPLEMENTATIONS = YES;
				CLANG_WARN_DIRECT_OBJC_ISA_USAGE = YES_ERROR;
				CLANG_WARN_DOCUMENTATION_COMMENTS = YES;
				CLANG_WARN_EMPTY_BODY = YES;
				CLANG_WARN_ENUM_CONVERSION = YES;
				CLANG_WARN_INFINITE_RECURSION = YES;
				CLANG_WARN_INT_CONVERSION = YES;
				CLANG_WARN_NON_LITERAL_NULL_CONVERSION = YES;
				CLANG_WARN_OBJC_IMPLICIT_RETAIN_SELF = YES;
				CLANG_WARN_OBJC_LITERAL_CONVERSION = YES;
				CLANG_WARN_OBJC_ROOT_CLASS = YES_ERROR;
				CLANG_WARN_RANGE_LOOP_ANALYSIS = YES;
				CLANG_WARN_STRICT_PROTOTYPES = YES;
				CLANG_WARN_SUSPICIOUS_MOVE = YES;
				CLANG_WARN_UNGUARDED_AVAILABILITY = YES_AGGRESSIVE;
				CLANG_WARN_UNREACHABLE_CODE = YES;
				CLANG_WARN__DUPLICATE_METHOD_MATCH = YES;
				CODE_SIGN_IDENTITY = "iPhone Developer";
				COPY_PHASE_STRIP = NO;
				DEBUG_INFORMATION_FORMAT = "dwarf-with-dsym";
				ENABLE_NS_ASSERTIONS = NO;
				ENABLE_STRICT_OBJC_MSGSEND = YES;
				GCC_C_LANGUAGE_STANDARD = gnu11;
				GCC_NO_COMMON_BLOCKS = YES;
				GCC_WARN_64_TO_32_BIT_CONVERSION = YES;
				GCC_WARN_ABOUT_RETURN_TYPE = YES_ERROR;
				GCC_WARN_UNDECLARED_SELECTOR = YES;
				GCC_WARN_UNINITIALIZED_AUTOS = YES_AGGRESSIVE;
				GCC_WARN_UNUSED_FUNCTION = YES;
				GCC_WARN_UNUSED_VARIABLE = YES;
				IPHONEOS_DEPLOYMENT_TARGET = 12.2;
				MTL_ENABLE_DEBUG_INFO = NO;
				MTL_FAST_MATH = YES;
				SDKROOT = iphoneos;
				SWIFT_COMPILATION_MODE = wholemodule;
				SWIFT_OPTIMIZATION_LEVEL = "-O";
				VALIDATE_PRODUCT = YES;
			};
			name = Release;
		};
		52B1ADEB22B124D00094DF38 /* Debug */ = {
			isa = XCBuildConfiguration;
			buildSettings = {
				ASSETCATALOG_COMPILER_APPICON_NAME = AppIcon;
				CODE_SIGN_STYLE = Automatic;
				DEVELOPMENT_TEAM = VCK6RT6GU8;
				INFOPLIST_FILE = PictureinPictureApp/Info.plist;
				LD_RUNPATH_SEARCH_PATHS = (
					"$(inherited)",
					"@executable_path/Frameworks",
				);
				PRODUCT_BUNDLE_IDENTIFIER = com.atlas.PictureinPictureApp;
				PRODUCT_NAME = "$(TARGET_NAME)";
				SWIFT_VERSION = 5.0;
				TARGETED_DEVICE_FAMILY = "1,2";
			};
			name = Debug;
		};
		52B1ADEC22B124D00094DF38 /* Release */ = {
			isa = XCBuildConfiguration;
			buildSettings = {
				ASSETCATALOG_COMPILER_APPICON_NAME = AppIcon;
				CODE_SIGN_STYLE = Automatic;
				DEVELOPMENT_TEAM = VCK6RT6GU8;
				INFOPLIST_FILE = PictureinPictureApp/Info.plist;
				LD_RUNPATH_SEARCH_PATHS = (
					"$(inherited)",
					"@executable_path/Frameworks",
				);
				PRODUCT_BUNDLE_IDENTIFIER = com.atlas.PictureinPictureApp;
				PRODUCT_NAME = "$(TARGET_NAME)";
				SWIFT_VERSION = 5.0;
				TARGETED_DEVICE_FAMILY = "1,2";
			};
			name = Release;
		};
/* End XCBuildConfiguration section */

/* Begin XCConfigurationList section */
		52B1ADD022B124CC0094DF38 /* Build configuration list for PBXProject "PictureinPictureApp" */ = {
			isa = XCConfigurationList;
			buildConfigurations = (
				52B1ADE822B124D00094DF38 /* Debug */,
				52B1ADE922B124D00094DF38 /* Release */,
			);
			defaultConfigurationIsVisible = 0;
			defaultConfigurationName = Release;
		};
		52B1ADEA22B124D00094DF38 /* Build configuration list for PBXNativeTarget "PictureinPictureApp" */ = {
			isa = XCConfigurationList;
			buildConfigurations = (
				52B1ADEB22B124D00094DF38 /* Debug */,
				52B1ADEC22B124D00094DF38 /* Release */,
			);
			defaultConfigurationIsVisible = 0;
			defaultConfigurationName = Release;
		};
/* End XCConfigurationList section */

/* Begin XCVersionGroup section */
		52B1ADDF22B124CC0094DF38 /* PictureinPictureApp.xcdatamodeld */ = {
			isa = XCVersionGroup;
			children = (
				52B1ADE022B124CC0094DF38 /* PictureinPictureApp.xcdatamodel */,
			);
			currentVersion = 52B1ADE022B124CC0094DF38 /* PictureinPictureApp.xcdatamodel */;
			path = PictureinPictureApp.xcdatamodeld;
			sourceTree = "<group>";
			versionGroupType = wrapper.xcdatamodel;
		};
/* End XCVersionGroup section */
	};
	rootObject = 52B1ADCD22B124CC0094DF38 /* Project object */;
}
